
Microsoft Visual Studio Solution File, Format Version 12.00
# Visual Studio Version 17
VisualStudioVersion = 17.9.34723.18
MinimumVisualStudioVersion = 10.0.40219.1
Project("{2150E333-8FDC-42A3-9474-1A3956D46DE8}") = "src", "src", "{77C4CC8E-B6F3-41A1-BA57-23731F8716A9}"
EndProject
Project("{2150E333-8FDC-42A3-9474-1A3956D46DE8}") = "tst", "tst", "{B9FB804A-689D-49E2-A0B1-F70AEF63406D}"
EndProject
Project("{9A19103F-16F7-4668-BE54-9A1E7A4F7556}") = "Br.Com.FiapTC5.Domain", "Br.Com.FiapTc5.Domain\Br.Com.FiapTC5.Domain.csproj", "{B0E344EF-7306-48BE-A4BF-14CC02EB480D}"
EndProject
Project("{9A19103F-16F7-4668-BE54-9A1E7A4F7556}") = "Br.Com.FiapTC5.Infra", "Br.Com.FiapTc5.Infra\Br.Com.FiapTC5.Infra.csproj", "{5D65A74C-69A7-4818-8E2F-5BDB95EC5F8F}"
EndProject
Project("{9A19103F-16F7-4668-BE54-9A1E7A4F7556}") = "Br.Com.FiapTC5.Application", "Br.Com.FiapTC5.Application\Br.Com.FiapTC5.Application.csproj", "{77F8C94B-7B1E-4D74-A537-9B870CBE8179}"
EndProject
Project("{9A19103F-16F7-4668-BE54-9A1E7A4F7556}") = "Br.Com.FiapTC5.Api", "Br.Com.FiapTC5.Api\Br.Com.FiapTC5.Api.csproj", "{ADCEFEB9-041E-4205-BC90-299170E664D4}"
EndProject
Global
	GlobalSection(SolutionConfigurationPlatforms) = preSolution
		Debug|Any CPU = Debug|Any CPU
		Release|Any CPU = Release|Any CPU
	EndGlobalSection
	GlobalSection(ProjectConfigurationPlatforms) = postSolution
		{B0E344EF-7306-48BE-A4BF-14CC02EB480D}.Debug|Any CPU.ActiveCfg = Debug|Any CPU
		{B0E344EF-7306-48BE-A4BF-14CC02EB480D}.Debug|Any CPU.Build.0 = Debug|Any CPU
		{B0E344EF-7306-48BE-A4BF-14CC02EB480D}.Release|Any CPU.ActiveCfg = Release|Any CPU
		{B0E344EF-7306-48BE-A4BF-14CC02EB480D}.Release|Any CPU.Build.0 = Release|Any CPU
		{5D65A74C-69A7-4818-8E2F-5BDB95EC5F8F}.Debug|Any CPU.ActiveCfg = Debug|Any CPU
		{5D65A74C-69A7-4818-8E2F-5BDB95EC5F8F}.Debug|Any CPU.Build.0 = Debug|Any CPU
		{5D65A74C-69A7-4818-8E2F-5BDB95EC5F8F}.Release|Any CPU.ActiveCfg = Release|Any CPU
		{5D65A74C-69A7-4818-8E2F-5BDB95EC5F8F}.Release|Any CPU.Build.0 = Release|Any CPU
		{77F8C94B-7B1E-4D74-A537-9B870CBE8179}.Debug|Any CPU.ActiveCfg = Debug|Any CPU
		{77F8C94B-7B1E-4D74-A537-9B870CBE8179}.Debug|Any CPU.Build.0 = Debug|Any CPU
		{77F8C94B-7B1E-4D74-A537-9B870CBE8179}.Release|Any CPU.ActiveCfg = Release|Any CPU
		{77F8C94B-7B1E-4D74-A537-9B870CBE8179}.Release|Any CPU.Build.0 = Release|Any CPU
		{ADCEFEB9-041E-4205-BC90-299170E664D4}.Debug|Any CPU.ActiveCfg = Debug|Any CPU
		{ADCEFEB9-041E-4205-BC90-299170E664D4}.Debug|Any CPU.Build.0 = Debug|Any CPU
		{ADCEFEB9-041E-4205-BC90-299170E664D4}.Release|Any CPU.ActiveCfg = Release|Any CPU
		{ADCEFEB9-041E-4205-BC90-299170E664D4}.Release|Any CPU.Build.0 = Release|Any CPU
	EndGlobalSection
	GlobalSection(SolutionProperties) = preSolution
		HideSolutionNode = FALSE
	EndGlobalSection
	GlobalSection(NestedProjects) = preSolution
		{B0E344EF-7306-48BE-A4BF-14CC02EB480D} = {77C4CC8E-B6F3-41A1-BA57-23731F8716A9}
		{5D65A74C-69A7-4818-8E2F-5BDB95EC5F8F} = {77C4CC8E-B6F3-41A1-BA57-23731F8716A9}
		{77F8C94B-7B1E-4D74-A537-9B870CBE8179} = {77C4CC8E-B6F3-41A1-BA57-23731F8716A9}
		{ADCEFEB9-041E-4205-BC90-299170E664D4} = {77C4CC8E-B6F3-41A1-BA57-23731F8716A9}
	EndGlobalSection
	GlobalSection(ExtensibilityGlobals) = postSolution
		SolutionGuid = {AABA81C7-C134-4F26-963F-46C22F0A9F6F}
	EndGlobalSection
EndGlobal
